
Microsoft Visual Studio Solution File, Format Version 12.00
# Visual Studio Version 17
VisualStudioVersion = 17.5.33414.496
MinimumVisualStudioVersion = 10.0.40219.1
Project("{9A19103F-16F7-4668-BE54-9A1E7A4F7556}") = "UsingMinimalApiDiscovery", "UsingMinimalApiDiscovery.csproj", "{E9CAED5B-BE42-4D57-A190-550930262DF3}"
EndProject
Global
	GlobalSection(SolutionConfigurationPlatforms) = preSolution
		Debug|Any CPU = Debug|Any CPU
		Release|Any CPU = Release|Any CPU
	EndGlobalSection
	GlobalSection(ProjectConfigurationPlatforms) = postSolution
		{E9CAED5B-BE42-4D57-A190-550930262DF3}.Debug|Any CPU.ActiveCfg = Debug|Any CPU
		{E9CAED5B-BE42-4D57-A190-550930262DF3}.Debug|Any CPU.Build.0 = Debug|Any CPU
		{E9CAED5B-BE42-4D57-A190-550930262DF3}.Release|Any CPU.ActiveCfg = Release|Any CPU
		{E9CAED5B-BE42-4D57-A190-550930262DF3}.Release|Any CPU.Build.0 = Release|Any CPU
	EndGlobalSection
	GlobalSection(SolutionProperties) = preSolution
		HideSolutionNode = FALSE
	EndGlobalSection
	GlobalSection(ExtensibilityGlobals) = postSolution
		SolutionGuid = {C7E97B46-A051-4618-B65F-4BEA01A0CA1C}
	EndGlobalSection
EndGlobal
