
Microsoft Visual Studio Solution File, Format Version 12.00
# Visual Studio Version 17
VisualStudioVersion = 17.4.33213.308
MinimumVisualStudioVersion = 10.0.40219.1
Project("{9A19103F-16F7-4668-BE54-9A1E7A4F7556}") = "MinimalApiDiscovery", "MinimalApiDiscovery\MinimalApiDiscovery.csproj", "{E4B19A53-A00C-4737-ADDF-BD44BDAFE750}"
EndProject
Project("{9A19103F-16F7-4668-BE54-9A1E7A4F7556}") = "MinimalApiDiscovery.Tests", "MinimalApiDiscovery.Tests\MinimalApiDiscovery.Tests.csproj", "{8BF55981-2615-4565-B4DA-F5A8CF8703CA}"
EndProject
Project("{FAE04EC0-301F-11D3-BF4B-00C04F79EFBC}") = "UsingMinimalApiDiscovery", "..\demo\UsingMinimalApiDiscovery\UsingMinimalApiDiscovery.csproj", "{73323367-0E50-4329-BAD1-50303F15E1B0}"
EndProject
Global
	GlobalSection(SolutionConfigurationPlatforms) = preSolution
		Debug|Any CPU = Debug|Any CPU
		Release|Any CPU = Release|Any CPU
	EndGlobalSection
	GlobalSection(ProjectConfigurationPlatforms) = postSolution
		{E4B19A53-A00C-4737-ADDF-BD44BDAFE750}.Debug|Any CPU.ActiveCfg = Debug|Any CPU
		{E4B19A53-A00C-4737-ADDF-BD44BDAFE750}.Debug|Any CPU.Build.0 = Debug|Any CPU
		{E4B19A53-A00C-4737-ADDF-BD44BDAFE750}.Release|Any CPU.ActiveCfg = Release|Any CPU
		{E4B19A53-A00C-4737-ADDF-BD44BDAFE750}.Release|Any CPU.Build.0 = Release|Any CPU
		{8BF55981-2615-4565-B4DA-F5A8CF8703CA}.Debug|Any CPU.ActiveCfg = Debug|Any CPU
		{8BF55981-2615-4565-B4DA-F5A8CF8703CA}.Debug|Any CPU.Build.0 = Debug|Any CPU
		{8BF55981-2615-4565-B4DA-F5A8CF8703CA}.Release|Any CPU.ActiveCfg = Release|Any CPU
		{8BF55981-2615-4565-B4DA-F5A8CF8703CA}.Release|Any CPU.Build.0 = Release|Any CPU
		{73323367-0E50-4329-BAD1-50303F15E1B0}.Debug|Any CPU.ActiveCfg = Debug|Any CPU
		{73323367-0E50-4329-BAD1-50303F15E1B0}.Debug|Any CPU.Build.0 = Debug|Any CPU
		{73323367-0E50-4329-BAD1-50303F15E1B0}.Release|Any CPU.ActiveCfg = Release|Any CPU
		{73323367-0E50-4329-BAD1-50303F15E1B0}.Release|Any CPU.Build.0 = Release|Any CPU
	EndGlobalSection
	GlobalSection(SolutionProperties) = preSolution
		HideSolutionNode = FALSE
	EndGlobalSection
	GlobalSection(ExtensibilityGlobals) = postSolution
		SolutionGuid = {A37C6E96-8DCA-4A14-8EB0-0F49B61F05F4}
	EndGlobalSection
EndGlobal
